
Microsoft Visual Studio Solution File, Format Version 12.00
# Visual Studio Version 16
VisualStudioVersion = 16.0.31129.286
MinimumVisualStudioVersion = 10.0.40219.1
Project("{FAE04EC0-301F-11D3-BF4B-00C04F79EFBC}") = "ReflectionDemo1", "ReflectionDemo1.csproj", "{FE216DA0-FCF1-4746-B828-62F2CAE855B6}"
EndProject
Global
	GlobalSection(SolutionConfigurationPlatforms) = preSolution
		Debug|Any CPU = Debug|Any CPU
		Release|Any CPU = Release|Any CPU
	EndGlobalSection
	GlobalSection(ProjectConfigurationPlatforms) = postSolution
		{FE216DA0-FCF1-4746-B828-62F2CAE855B6}.Debug|Any CPU.ActiveCfg = Debug|Any CPU
		{FE216DA0-FCF1-4746-B828-62F2CAE855B6}.Debug|Any CPU.Build.0 = Debug|Any CPU
		{FE216DA0-FCF1-4746-B828-62F2CAE855B6}.Release|Any CPU.ActiveCfg = Release|Any CPU
		{FE216DA0-FCF1-4746-B828-62F2CAE855B6}.Release|Any CPU.Build.0 = Release|Any CPU
	EndGlobalSection
	GlobalSection(SolutionProperties) = preSolution
		HideSolutionNode = FALSE
	EndGlobalSection
	GlobalSection(ExtensibilityGlobals) = postSolution
		SolutionGuid = {1FB21195-67B7-4488-AC38-81BD1AE92EC9}
	EndGlobalSection
EndGlobal
